<?xml version="1.0" encoding="utf-8"?>
<Project ToolsVersion="4.0" xmlns="http://schemas.microsoft.com/developer/msbuild/2003">
  <ItemGroup>
    <Filter Include="소스 파일">
      <UniqueIdentifier>{4FC737F1-C7A5-4376-A066-2A32D752A2FF}</UniqueIdentifier>
      <Extensions>cpp;c;cc;cxx;def;odl;idl;hpj;bat;asm;asmx</Extensions>
    </Filter>
    <Filter Include="헤더 파일">
      <UniqueIdentifier>{93995380-89BD-4b04-88EB-625FBE52EBFB}</UniqueIdentifier>
      <Extensions>h;hh;hpp;hxx;hm;inl;inc;xsd</Extensions>
    </Filter>
    <Filter Include="리소스 파일">
      <UniqueIdentifier>{67DA6AB6-F800-4c08-8B7A-83BB121AAD01}</UniqueIdentifier>
      <Extensions>rc;ico;cur;bmp;dlg;rc2;rct;bin;rgs;gif;jpg;jpeg;jpe;resx;tiff;tif;png;wav;mfcribbon-ms</Extensions>
    </Filter>
  </ItemGroup>
  <ItemGroup>
    <ClCompile Include="소스.cpp">
      <Filter>소스 파일</Filter>
    </ClCompile>
    <ClCompile Include="포인터의 배열.cpp">
      <Filter>소스 파일</Filter>
    </ClCompile>
    <ClCompile Include="배열을 포함하는 구조체.cpp">
      <Filter>소스 파일</Filter>
    </ClCompile>
    <ClCompile Include="구조체의 배열.cpp">
      <Filter>소스 파일</Filter>
    </ClCompile>
    <ClCompile Include="구조체를 가리키는 포인터.cpp">
      <Filter>소스 파일</Filter>
    </ClCompile>
    <ClCompile Include="포이터를 포함하는 구조체.cpp">
      <Filter>소스 파일</Filter>
    </ClCompile>
    <ClCompile Include="서로를 가리키는 구조체 변수들.cpp">
      <Filter>소스 파일</Filter>
    </ClCompile>
    <ClCompile Include="Sort.cpp">
      <Filter>소스 파일</Filter>
    </ClCompile>
    <ClCompile Include="열거체의 사용.cpp">
      <Filter>소스 파일</Filter>
    </ClCompile>
    <ClCompile Include="References.cpp">
      <Filter>소스 파일</Filter>
    </ClCompile>
    <ClCompile Include="16비트 칼라의 한 점에서 파란색만 추출.cpp">
      <Filter>소스 파일</Filter>
    </ClCompile>
    <ClCompile Include="Array.cpp">
      <Filter>소스 파일</Filter>
    </ClCompile>
  </ItemGroup>
</Project>